// !$*UTF8*$!
{
	archiveVersion = 1;
	classes = {
	};
	objectVersion = 56;
	objects = {

/* Begin PBXBuildFile section */
		115AA29F2B1F6A670031B5B4 /* AppetizerButton.swift in Sources */ = {isa = PBXBuildFile; fileRef = 115AA29E2B1F6A670031B5B4 /* AppetizerButton.swift */; };
		115AA2A12B1F6B090031B5B4 /* DismissButton.swift in Sources */ = {isa = PBXBuildFile; fileRef = 115AA2A02B1F6B090031B5B4 /* DismissButton.swift */; };
		115AA2A32B1F6F170031B5B4 /* AccountViewModel.swift in Sources */ = {isa = PBXBuildFile; fileRef = 115AA2A22B1F6F170031B5B4 /* AccountViewModel.swift */; };
		115AA2A62B1F70780031B5B4 /* String+Ext.swift in Sources */ = {isa = PBXBuildFile; fileRef = 115AA2A52B1F70780031B5B4 /* String+Ext.swift */; };
		11AE744E2B1D82E5005B62A5 /* appetizersApp.swift in Sources */ = {isa = PBXBuildFile; fileRef = 11AE744D2B1D82E5005B62A5 /* appetizersApp.swift */; };
		11AE74502B1D82E5005B62A5 /* AppetizerTabView.swift in Sources */ = {isa = PBXBuildFile; fileRef = 11AE744F2B1D82E5005B62A5 /* AppetizerTabView.swift */; };
		11AE74522B1D82E7005B62A5 /* Assets.xcassets in Resources */ = {isa = PBXBuildFile; fileRef = 11AE74512B1D82E7005B62A5 /* Assets.xcassets */; };
		11AE74552B1D82E7005B62A5 /* Preview Assets.xcassets in Resources */ = {isa = PBXBuildFile; fileRef = 11AE74542B1D82E7005B62A5 /* Preview Assets.xcassets */; };
		11AE745C2B1D839A005B62A5 /* AppetizerListView.swift in Sources */ = {isa = PBXBuildFile; fileRef = 11AE745B2B1D839A005B62A5 /* AppetizerListView.swift */; };
		11AE745E2B1D83AC005B62A5 /* AccountView.swift in Sources */ = {isa = PBXBuildFile; fileRef = 11AE745D2B1D83AC005B62A5 /* AccountView.swift */; };
		11AE74602B1D83B7005B62A5 /* OrderView.swift in Sources */ = {isa = PBXBuildFile; fileRef = 11AE745F2B1D83B7005B62A5 /* OrderView.swift */; };
		11AE74672B1D88D1005B62A5 /* Appetizer.swift in Sources */ = {isa = PBXBuildFile; fileRef = 11AE74662B1D88D1005B62A5 /* Appetizer.swift */; };
		11AE746A2B1D8C29005B62A5 /* AppetizerListCell.swift in Sources */ = {isa = PBXBuildFile; fileRef = 11AE74692B1D8C29005B62A5 /* AppetizerListCell.swift */; };
		11AE746D2B1E00D7005B62A5 /* NetworkManager.swift in Sources */ = {isa = PBXBuildFile; fileRef = 11AE746C2B1E00D7005B62A5 /* NetworkManager.swift */; };
		11AE74702B1E0180005B62A5 /* APError.swift in Sources */ = {isa = PBXBuildFile; fileRef = 11AE746F2B1E0180005B62A5 /* APError.swift */; };
		11AE74742B1ECB42005B62A5 /* AppetizerListViewModel.swift in Sources */ = {isa = PBXBuildFile; fileRef = 11AE74732B1ECB42005B62A5 /* AppetizerListViewModel.swift */; };
		11AE74762B1ECECF005B62A5 /* Alert.swift in Sources */ = {isa = PBXBuildFile; fileRef = 11AE74752B1ECECF005B62A5 /* Alert.swift */; };
		11AE74782B1ED2AC005B62A5 /* LoadingView.swift in Sources */ = {isa = PBXBuildFile; fileRef = 11AE74772B1ED2AC005B62A5 /* LoadingView.swift */; };
		11AE747D2B1ED94B005B62A5 /* RemoteImage.swift in Sources */ = {isa = PBXBuildFile; fileRef = 11AE747C2B1ED94B005B62A5 /* RemoteImage.swift */; };
		11AE74872B1EE128005B62A5 /* AppetizerDetailView.swift in Sources */ = {isa = PBXBuildFile; fileRef = 11AE74862B1EE128005B62A5 /* AppetizerDetailView.swift */; };
/* End PBXBuildFile section */

/* Begin PBXFileReference section */
		115AA29E2B1F6A670031B5B4 /* AppetizerButton.swift */ = {isa = PBXFileReference; lastKnownFileType = sourcecode.swift; path = AppetizerButton.swift; sourceTree = "<group>"; };
		115AA2A02B1F6B090031B5B4 /* DismissButton.swift */ = {isa = PBXFileReference; lastKnownFileType = sourcecode.swift; path = DismissButton.swift; sourceTree = "<group>"; };
		115AA2A22B1F6F170031B5B4 /* AccountViewModel.swift */ = {isa = PBXFileReference; lastKnownFileType = sourcecode.swift; path = AccountViewModel.swift; sourceTree = "<group>"; };
		115AA2A52B1F70780031B5B4 /* String+Ext.swift */ = {isa = PBXFileReference; fileEncoding = 4; lastKnownFileType = sourcecode.swift; path = "String+Ext.swift"; sourceTree = "<group>"; };
		11AE744A2B1D82E5005B62A5 /* appetizers.app */ = {isa = PBXFileReference; explicitFileType = wrapper.application; includeInIndex = 0; path = appetizers.app; sourceTree = BUILT_PRODUCTS_DIR; };
		11AE744D2B1D82E5005B62A5 /* appetizersApp.swift */ = {isa = PBXFileReference; lastKnownFileType = sourcecode.swift; path = appetizersApp.swift; sourceTree = "<group>"; };
		11AE744F2B1D82E5005B62A5 /* AppetizerTabView.swift */ = {isa = PBXFileReference; lastKnownFileType = sourcecode.swift; path = AppetizerTabView.swift; sourceTree = "<group>"; };
		11AE74512B1D82E7005B62A5 /* Assets.xcassets */ = {isa = PBXFileReference; lastKnownFileType = folder.assetcatalog; path = Assets.xcassets; sourceTree = "<group>"; };
		11AE74542B1D82E7005B62A5 /* Preview Assets.xcassets */ = {isa = PBXFileReference; lastKnownFileType = folder.assetcatalog; path = "Preview Assets.xcassets"; sourceTree = "<group>"; };
		11AE745B2B1D839A005B62A5 /* AppetizerListView.swift */ = {isa = PBXFileReference; lastKnownFileType = sourcecode.swift; path = AppetizerListView.swift; sourceTree = "<group>"; };
		11AE745D2B1D83AC005B62A5 /* AccountView.swift */ = {isa = PBXFileReference; lastKnownFileType = sourcecode.swift; path = AccountView.swift; sourceTree = "<group>"; };
		11AE745F2B1D83B7005B62A5 /* OrderView.swift */ = {isa = PBXFileReference; lastKnownFileType = sourcecode.swift; path = OrderView.swift; sourceTree = "<group>"; };
		11AE74662B1D88D1005B62A5 /* Appetizer.swift */ = {isa = PBXFileReference; lastKnownFileType = sourcecode.swift; path = Appetizer.swift; sourceTree = "<group>"; };
		11AE74692B1D8C29005B62A5 /* AppetizerListCell.swift */ = {isa = PBXFileReference; lastKnownFileType = sourcecode.swift; path = AppetizerListCell.swift; sourceTree = "<group>"; };
		11AE746C2B1E00D7005B62A5 /* NetworkManager.swift */ = {isa = PBXFileReference; lastKnownFileType = sourcecode.swift; path = NetworkManager.swift; sourceTree = "<group>"; };
		11AE746F2B1E0180005B62A5 /* APError.swift */ = {isa = PBXFileReference; lastKnownFileType = sourcecode.swift; path = APError.swift; sourceTree = "<group>"; };
		11AE74732B1ECB42005B62A5 /* AppetizerListViewModel.swift */ = {isa = PBXFileReference; lastKnownFileType = sourcecode.swift; path = AppetizerListViewModel.swift; sourceTree = "<group>"; };
		11AE74752B1ECECF005B62A5 /* Alert.swift */ = {isa = PBXFileReference; lastKnownFileType = sourcecode.swift; path = Alert.swift; sourceTree = "<group>"; };
		11AE74772B1ED2AC005B62A5 /* LoadingView.swift */ = {isa = PBXFileReference; lastKnownFileType = sourcecode.swift; path = LoadingView.swift; sourceTree = "<group>"; };
		11AE747C2B1ED94B005B62A5 /* RemoteImage.swift */ = {isa = PBXFileReference; lastKnownFileType = sourcecode.swift; path = RemoteImage.swift; sourceTree = "<group>"; };
		11AE74862B1EE128005B62A5 /* AppetizerDetailView.swift */ = {isa = PBXFileReference; lastKnownFileType = sourcecode.swift; path = AppetizerDetailView.swift; sourceTree = "<group>"; };
/* End PBXFileReference section */

/* Begin PBXFrameworksBuildPhase section */
		11AE74472B1D82E5005B62A5 /* Frameworks */ = {
			isa = PBXFrameworksBuildPhase;
			buildActionMask = 2147483647;
			files = (
			);
			runOnlyForDeploymentPostprocessing = 0;
		};
/* End PBXFrameworksBuildPhase section */

/* Begin PBXGroup section */
		115AA29D2B1F6A5B0031B5B4 /* Buttons */ = {
			isa = PBXGroup;
			children = (
				115AA29E2B1F6A670031B5B4 /* AppetizerButton.swift */,
				115AA2A02B1F6B090031B5B4 /* DismissButton.swift */,
			);
			path = Buttons;
			sourceTree = "<group>";
		};
		115AA2A42B1F70660031B5B4 /* Extensions */ = {
			isa = PBXGroup;
			children = (
				115AA2A52B1F70780031B5B4 /* String+Ext.swift */,
			);
			path = Extensions;
			sourceTree = "<group>";
		};
		11AE74412B1D82E5005B62A5 = {
			isa = PBXGroup;
			children = (
				11AE744C2B1D82E5005B62A5 /* appetizers */,
				11AE744B2B1D82E5005B62A5 /* Products */,
			);
			sourceTree = "<group>";
		};
		11AE744B2B1D82E5005B62A5 /* Products */ = {
			isa = PBXGroup;
			children = (
				11AE744A2B1D82E5005B62A5 /* appetizers.app */,
			);
			name = Products;
			sourceTree = "<group>";
		};
		11AE744C2B1D82E5005B62A5 /* appetizers */ = {
			isa = PBXGroup;
			children = (
				11AE74652B1D88C7005B62A5 /* Model */,
				11AE746B2B1E00C5005B62A5 /* Utils */,
				11AE74622B1D8440005B62A5 /* Views */,
				11AE74612B1D843A005B62A5 /* Screens */,
				11AE744D2B1D82E5005B62A5 /* appetizersApp.swift */,
				11AE74512B1D82E7005B62A5 /* Assets.xcassets */,
				11AE74532B1D82E7005B62A5 /* Preview Content */,
			);
			path = appetizers;
			sourceTree = "<group>";
		};
		11AE74532B1D82E7005B62A5 /* Preview Content */ = {
			isa = PBXGroup;
			children = (
				11AE74542B1D82E7005B62A5 /* Preview Assets.xcassets */,
			);
			path = "Preview Content";
			sourceTree = "<group>";
		};
		11AE74612B1D843A005B62A5 /* Screens */ = {
			isa = PBXGroup;
			children = (
				11AE744F2B1D82E5005B62A5 /* AppetizerTabView.swift */,
				11AE74722B1ECB21005B62A5 /* AppetizerListView */,
				11AE747F2B1EDE84005B62A5 /* OrderView */,
				11AE747E2B1EDE7F005B62A5 /* AccountView */,
			);
			path = Screens;
			sourceTree = "<group>";
		};
		11AE74622B1D8440005B62A5 /* Views */ = {
			isa = PBXGroup;
			children = (
				115AA29D2B1F6A5B0031B5B4 /* Buttons */,
				11AE74852B1EE0D0005B62A5 /* Cards */,
				11AE74842B1EDF01005B62A5 /* Image */,
				11AE74832B1EDEE5005B62A5 /* UIKit Components */,
				11AE74682B1D8C1F005B62A5 /* Cells */,
			);
			path = Views;
			sourceTree = "<group>";
		};
		11AE74652B1D88C7005B62A5 /* Model */ = {
			isa = PBXGroup;
			children = (
				11AE74662B1D88D1005B62A5 /* Appetizer.swift */,
			);
			path = Model;
			sourceTree = "<group>";
		};
		11AE74682B1D8C1F005B62A5 /* Cells */ = {
			isa = PBXGroup;
			children = (
				11AE74692B1D8C29005B62A5 /* AppetizerListCell.swift */,
			);
			path = Cells;
			sourceTree = "<group>";
		};
		11AE746B2B1E00C5005B62A5 /* Utils */ = {
			isa = PBXGroup;
			children = (
				115AA2A42B1F70660031B5B4 /* Extensions */,
				11AE74822B1EDEBE005B62A5 /* Alerts */,
				11AE74812B1EDEAE005B62A5 /* Managers */,
			);
			path = Utils;
			sourceTree = "<group>";
		};
		11AE74722B1ECB21005B62A5 /* AppetizerListView */ = {
			isa = PBXGroup;
			children = (
				11AE745B2B1D839A005B62A5 /* AppetizerListView.swift */,
				11AE74732B1ECB42005B62A5 /* AppetizerListViewModel.swift */,
				11AE74862B1EE128005B62A5 /* AppetizerDetailView.swift */,
			);
			path = AppetizerListView;
			sourceTree = "<group>";
		};
		11AE747E2B1EDE7F005B62A5 /* AccountView */ = {
			isa = PBXGroup;
			children = (
				11AE745D2B1D83AC005B62A5 /* AccountView.swift */,
				115AA2A22B1F6F170031B5B4 /* AccountViewModel.swift */,
			);
			path = AccountView;
			sourceTree = "<group>";
		};
		11AE747F2B1EDE84005B62A5 /* OrderView */ = {
			isa = PBXGroup;
			children = (
				11AE745F2B1D83B7005B62A5 /* OrderView.swift */,
			);
			path = OrderView;
			sourceTree = "<group>";
		};
		11AE74812B1EDEAE005B62A5 /* Managers */ = {
			isa = PBXGroup;
			children = (
				11AE746C2B1E00D7005B62A5 /* NetworkManager.swift */,
			);
			path = Managers;
			sourceTree = "<group>";
		};
		11AE74822B1EDEBE005B62A5 /* Alerts */ = {
			isa = PBXGroup;
			children = (
				11AE746F2B1E0180005B62A5 /* APError.swift */,
				11AE74752B1ECECF005B62A5 /* Alert.swift */,
			);
			path = Alerts;
			sourceTree = "<group>";
		};
		11AE74832B1EDEE5005B62A5 /* UIKit Components */ = {
			isa = PBXGroup;
			children = (
				11AE74772B1ED2AC005B62A5 /* LoadingView.swift */,
			);
			path = "UIKit Components";
			sourceTree = "<group>";
		};
		11AE74842B1EDF01005B62A5 /* Image */ = {
			isa = PBXGroup;
			children = (
				11AE747C2B1ED94B005B62A5 /* RemoteImage.swift */,
			);
			path = Image;
			sourceTree = "<group>";
		};
		11AE74852B1EE0D0005B62A5 /* Cards */ = {
			isa = PBXGroup;
			children = (
			);
			path = Cards;
			sourceTree = "<group>";
		};
/* End PBXGroup section */

/* Begin PBXNativeTarget section */
		11AE74492B1D82E5005B62A5 /* appetizers */ = {
			isa = PBXNativeTarget;
			buildConfigurationList = 11AE74582B1D82E7005B62A5 /* Build configuration list for PBXNativeTarget "appetizers" */;
			buildPhases = (
				11AE74462B1D82E5005B62A5 /* Sources */,
				11AE74472B1D82E5005B62A5 /* Frameworks */,
				11AE74482B1D82E5005B62A5 /* Resources */,
			);
			buildRules = (
			);
			dependencies = (
			);
			name = appetizers;
			productName = appetizers;
			productReference = 11AE744A2B1D82E5005B62A5 /* appetizers.app */;
			productType = "com.apple.product-type.application";
		};
/* End PBXNativeTarget section */

/* Begin PBXProject section */
		11AE74422B1D82E5005B62A5 /* Project object */ = {
			isa = PBXProject;
			attributes = {
				BuildIndependentTargetsInParallel = 1;
				LastSwiftUpdateCheck = 1500;
				LastUpgradeCheck = 1500;
				TargetAttributes = {
					11AE74492B1D82E5005B62A5 = {
						CreatedOnToolsVersion = 15.0.1;
					};
				};
			};
			buildConfigurationList = 11AE74452B1D82E5005B62A5 /* Build configuration list for PBXProject "appetizers" */;
			compatibilityVersion = "Xcode 14.0";
			developmentRegion = en;
			hasScannedForEncodings = 0;
			knownRegions = (
				en,
				Base,
			);
			mainGroup = 11AE74412B1D82E5005B62A5;
			productRefGroup = 11AE744B2B1D82E5005B62A5 /* Products */;
			projectDirPath = "";
			projectRoot = "";
			targets = (
				11AE74492B1D82E5005B62A5 /* appetizers */,
			);
		};
/* End PBXProject section */

/* Begin PBXResourcesBuildPhase section */
		11AE74482B1D82E5005B62A5 /* Resources */ = {
			isa = PBXResourcesBuildPhase;
			buildActionMask = 2147483647;
			files = (
				11AE74552B1D82E7005B62A5 /* Preview Assets.xcassets in Resources */,
				11AE74522B1D82E7005B62A5 /* Assets.xcassets in Resources */,
			);
			runOnlyForDeploymentPostprocessing = 0;
		};
/* End PBXResourcesBuildPhase section */

/* Begin PBXSourcesBuildPhase section */
		11AE74462B1D82E5005B62A5 /* Sources */ = {
			isa = PBXSourcesBuildPhase;
			buildActionMask = 2147483647;
			files = (
				115AA2A62B1F70780031B5B4 /* String+Ext.swift in Sources */,
				11AE74672B1D88D1005B62A5 /* Appetizer.swift in Sources */,
				11AE74702B1E0180005B62A5 /* APError.swift in Sources */,
				11AE746A2B1D8C29005B62A5 /* AppetizerListCell.swift in Sources */,
				11AE74742B1ECB42005B62A5 /* AppetizerListViewModel.swift in Sources */,
				11AE745E2B1D83AC005B62A5 /* AccountView.swift in Sources */,
				11AE74782B1ED2AC005B62A5 /* LoadingView.swift in Sources */,
				115AA2A12B1F6B090031B5B4 /* DismissButton.swift in Sources */,
				11AE747D2B1ED94B005B62A5 /* RemoteImage.swift in Sources */,
				11AE74502B1D82E5005B62A5 /* AppetizerTabView.swift in Sources */,
				11AE74872B1EE128005B62A5 /* AppetizerDetailView.swift in Sources */,
				11AE746D2B1E00D7005B62A5 /* NetworkManager.swift in Sources */,
				11AE744E2B1D82E5005B62A5 /* appetizersApp.swift in Sources */,
				11AE74762B1ECECF005B62A5 /* Alert.swift in Sources */,
				11AE745C2B1D839A005B62A5 /* AppetizerListView.swift in Sources */,
				115AA29F2B1F6A670031B5B4 /* AppetizerButton.swift in Sources */,
				115AA2A32B1F6F170031B5B4 /* AccountViewModel.swift in Sources */,
				11AE74602B1D83B7005B62A5 /* OrderView.swift in Sources */,
			);
			runOnlyForDeploymentPostprocessing = 0;
		};
/* End PBXSourcesBuildPhase section */

/* Begin XCBuildConfiguration section */
		11AE74562B1D82E7005B62A5 /* Debug */ = {
			isa = XCBuildConfiguration;
			buildSettings = {
				ALWAYS_SEARCH_USER_PATHS = NO;
				ASSETCATALOG_COMPILER_GENERATE_SWIFT_ASSET_SYMBOL_EXTENSIONS = YES;
				CLANG_ANALYZER_NONNULL = YES;
				CLANG_ANALYZER_NUMBER_OBJECT_CONVERSION = YES_AGGRESSIVE;
				CLANG_CXX_LANGUAGE_STANDARD = "gnu++20";
				CLANG_ENABLE_MODULES = YES;
				CLANG_ENABLE_OBJC_ARC = YES;
				CLANG_ENABLE_OBJC_WEAK = YES;
				CLANG_WARN_BLOCK_CAPTURE_AUTORELEASING = YES;
				CLANG_WARN_BOOL_CONVERSION = YES;
				CLANG_WARN_COMMA = YES;
				CLANG_WARN_CONSTANT_CONVERSION = YES;
				CLANG_WARN_DEPRECATED_OBJC_IMPLEMENTATIONS = YES;
				CLANG_WARN_DIRECT_OBJC_ISA_USAGE = YES_ERROR;
				CLANG_WARN_DOCUMENTATION_COMMENTS = YES;
				CLANG_WARN_EMPTY_BODY = YES;
				CLANG_WARN_ENUM_CONVERSION = YES;
				CLANG_WARN_INFINITE_RECURSION = YES;
				CLANG_WARN_INT_CONVERSION = YES;
				CLANG_WARN_NON_LITERAL_NULL_CONVERSION = YES;
				CLANG_WARN_OBJC_IMPLICIT_RETAIN_SELF = YES;
				CLANG_WARN_OBJC_LITERAL_CONVERSION = YES;
				CLANG_WARN_OBJC_ROOT_CLASS = YES_ERROR;
				CLANG_WARN_QUOTED_INCLUDE_IN_FRAMEWORK_HEADER = YES;
				CLANG_WARN_RANGE_LOOP_ANALYSIS = YES;
				CLANG_WARN_STRICT_PROTOTYPES = YES;
				CLANG_WARN_SUSPICIOUS_MOVE = YES;
				CLANG_WARN_UNGUARDED_AVAILABILITY = YES_AGGRESSIVE;
				CLANG_WARN_UNREACHABLE_CODE = YES;
				CLANG_WARN__DUPLICATE_METHOD_MATCH = YES;
				COPY_PHASE_STRIP = NO;
				DEBUG_INFORMATION_FORMAT = dwarf;
				ENABLE_STRICT_OBJC_MSGSEND = YES;
				ENABLE_TESTABILITY = YES;
				ENABLE_USER_SCRIPT_SANDBOXING = YES;
				GCC_C_LANGUAGE_STANDARD = gnu17;
				GCC_DYNAMIC_NO_PIC = NO;
				GCC_NO_COMMON_BLOCKS = YES;
				GCC_OPTIMIZATION_LEVEL = 0;
				GCC_PREPROCESSOR_DEFINITIONS = (
					"DEBUG=1",
					"$(inherited)",
				);
				GCC_WARN_64_TO_32_BIT_CONVERSION = YES;
				GCC_WARN_ABOUT_RETURN_TYPE = YES_ERROR;
				GCC_WARN_UNDECLARED_SELECTOR = YES;
				GCC_WARN_UNINITIALIZED_AUTOS = YES_AGGRESSIVE;
				GCC_WARN_UNUSED_FUNCTION = YES;
				GCC_WARN_UNUSED_VARIABLE = YES;
				IPHONEOS_DEPLOYMENT_TARGET = 17.0;
				LOCALIZATION_PREFERS_STRING_CATALOGS = YES;
				MTL_ENABLE_DEBUG_INFO = INCLUDE_SOURCE;
				MTL_FAST_MATH = YES;
				ONLY_ACTIVE_ARCH = YES;
				SDKROOT = iphoneos;
				SWIFT_ACTIVE_COMPILATION_CONDITIONS = "DEBUG $(inherited)";
				SWIFT_OPTIMIZATION_LEVEL = "-Onone";
			};
			name = Debug;
		};
		11AE74572B1D82E7005B62A5 /* Release */ = {
			isa = XCBuildConfiguration;
			buildSettings = {
				ALWAYS_SEARCH_USER_PATHS = NO;
				ASSETCATALOG_COMPILER_GENERATE_SWIFT_ASSET_SYMBOL_EXTENSIONS = YES;
				CLANG_ANALYZER_NONNULL = YES;
				CLANG_ANALYZER_NUMBER_OBJECT_CONVERSION = YES_AGGRESSIVE;
				CLANG_CXX_LANGUAGE_STANDARD = "gnu++20";
				CLANG_ENABLE_MODULES = YES;
				CLANG_ENABLE_OBJC_ARC = YES;
				CLANG_ENABLE_OBJC_WEAK = YES;
				CLANG_WARN_BLOCK_CAPTURE_AUTORELEASING = YES;
				CLANG_WARN_BOOL_CONVERSION = YES;
				CLANG_WARN_COMMA = YES;
				CLANG_WARN_CONSTANT_CONVERSION = YES;
				CLANG_WARN_DEPRECATED_OBJC_IMPLEMENTATIONS = YES;
				CLANG_WARN_DIRECT_OBJC_ISA_USAGE = YES_ERROR;
				CLANG_WARN_DOCUMENTATION_COMMENTS = YES;
				CLANG_WARN_EMPTY_BODY = YES;
				CLANG_WARN_ENUM_CONVERSION = YES;
				CLANG_WARN_INFINITE_RECURSION = YES;
				CLANG_WARN_INT_CONVERSION = YES;
				CLANG_WARN_NON_LITERAL_NULL_CONVERSION = YES;
				CLANG_WARN_OBJC_IMPLICIT_RETAIN_SELF = YES;
				CLANG_WARN_OBJC_LITERAL_CONVERSION = YES;
				CLANG_WARN_OBJC_ROOT_CLASS = YES_ERROR;
				CLANG_WARN_QUOTED_INCLUDE_IN_FRAMEWORK_HEADER = YES;
				CLANG_WARN_RANGE_LOOP_ANALYSIS = YES;
				CLANG_WARN_STRICT_PROTOTYPES = YES;
				CLANG_WARN_SUSPICIOUS_MOVE = YES;
				CLANG_WARN_UNGUARDED_AVAILABILITY = YES_AGGRESSIVE;
				CLANG_WARN_UNREACHABLE_CODE = YES;
				CLANG_WARN__DUPLICATE_METHOD_MATCH = YES;
				COPY_PHASE_STRIP = NO;
				DEBUG_INFORMATION_FORMAT = "dwarf-with-dsym";
				ENABLE_NS_ASSERTIONS = NO;
				ENABLE_STRICT_OBJC_MSGSEND = YES;
				ENABLE_USER_SCRIPT_SANDBOXING = YES;
				GCC_C_LANGUAGE_STANDARD = gnu17;
				GCC_NO_COMMON_BLOCKS = YES;
				GCC_WARN_64_TO_32_BIT_CONVERSION = YES;
				GCC_WARN_ABOUT_RETURN_TYPE = YES_ERROR;
				GCC_WARN_UNDECLARED_SELECTOR = YES;
				GCC_WARN_UNINITIALIZED_AUTOS = YES_AGGRESSIVE;
				GCC_WARN_UNUSED_FUNCTION = YES;
				GCC_WARN_UNUSED_VARIABLE = YES;
				IPHONEOS_DEPLOYMENT_TARGET = 17.0;
				LOCALIZATION_PREFERS_STRING_CATALOGS = YES;
				MTL_ENABLE_DEBUG_INFO = NO;
				MTL_FAST_MATH = YES;
				SDKROOT = iphoneos;
				SWIFT_COMPILATION_MODE = wholemodule;
				VALIDATE_PRODUCT = YES;
			};
			name = Release;
		};
		11AE74592B1D82E7005B62A5 /* Debug */ = {
			isa = XCBuildConfiguration;
			buildSettings = {
				ASSETCATALOG_COMPILER_APPICON_NAME = AppIcon;
				ASSETCATALOG_COMPILER_GLOBAL_ACCENT_COLOR_NAME = AccentColor;
				CODE_SIGN_STYLE = Automatic;
				CURRENT_PROJECT_VERSION = 1;
				DEVELOPMENT_ASSET_PATHS = "\"appetizers/Preview Content\"";
				DEVELOPMENT_TEAM = 2G896272RH;
				ENABLE_PREVIEWS = YES;
				GENERATE_INFOPLIST_FILE = YES;
				INFOPLIST_KEY_UIApplicationSceneManifest_Generation = YES;
				INFOPLIST_KEY_UIApplicationSupportsIndirectInputEvents = YES;
				INFOPLIST_KEY_UILaunchScreen_Generation = YES;
				INFOPLIST_KEY_UISupportedInterfaceOrientations_iPad = "UIInterfaceOrientationPortrait UIInterfaceOrientationPortraitUpsideDown UIInterfaceOrientationLandscapeLeft UIInterfaceOrientationLandscapeRight";
				INFOPLIST_KEY_UISupportedInterfaceOrientations_iPhone = "UIInterfaceOrientationPortrait UIInterfaceOrientationLandscapeLeft UIInterfaceOrientationLandscapeRight";
				LD_RUNPATH_SEARCH_PATHS = (
					"$(inherited)",
					"@executable_path/Frameworks",
				);
				MARKETING_VERSION = 1.0;
				PRODUCT_BUNDLE_IDENTIFIER = com.plinkplonkstudios.appetizers;
				PRODUCT_NAME = "$(TARGET_NAME)";
				SWIFT_EMIT_LOC_STRINGS = YES;
				SWIFT_VERSION = 5.0;
				TARGETED_DEVICE_FAMILY = "1,2";
			};
			name = Debug;
		};
		11AE745A2B1D82E7005B62A5 /* Release */ = {
			isa = XCBuildConfiguration;
			buildSettings = {
				ASSETCATALOG_COMPILER_APPICON_NAME = AppIcon;
				ASSETCATALOG_COMPILER_GLOBAL_ACCENT_COLOR_NAME = AccentColor;
				CODE_SIGN_STYLE = Automatic;
				CURRENT_PROJECT_VERSION = 1;
				DEVELOPMENT_ASSET_PATHS = "\"appetizers/Preview Content\"";
				DEVELOPMENT_TEAM = 2G896272RH;
				ENABLE_PREVIEWS = YES;
				GENERATE_INFOPLIST_FILE = YES;
				INFOPLIST_KEY_UIApplicationSceneManifest_Generation = YES;
				INFOPLIST_KEY_UIApplicationSupportsIndirectInputEvents = YES;
				INFOPLIST_KEY_UILaunchScreen_Generation = YES;
				INFOPLIST_KEY_UISupportedInterfaceOrientations_iPad = "UIInterfaceOrientationPortrait UIInterfaceOrientationPortraitUpsideDown UIInterfaceOrientationLandscapeLeft UIInterfaceOrientationLandscapeRight";
				INFOPLIST_KEY_UISupportedInterfaceOrientations_iPhone = "UIInterfaceOrientationPortrait UIInterfaceOrientationLandscapeLeft UIInterfaceOrientationLandscapeRight";
				LD_RUNPATH_SEARCH_PATHS = (
					"$(inherited)",
					"@executable_path/Frameworks",
				);
				MARKETING_VERSION = 1.0;
				PRODUCT_BUNDLE_IDENTIFIER = com.plinkplonkstudios.appetizers;
				PRODUCT_NAME = "$(TARGET_NAME)";
				SWIFT_EMIT_LOC_STRINGS = YES;
				SWIFT_VERSION = 5.0;
				TARGETED_DEVICE_FAMILY = "1,2";
			};
			name = Release;
		};
/* End XCBuildConfiguration section */

/* Begin XCConfigurationList section */
		11AE74452B1D82E5005B62A5 /* Build configuration list for PBXProject "appetizers" */ = {
			isa = XCConfigurationList;
			buildConfigurations = (
				11AE74562B1D82E7005B62A5 /* Debug */,
				11AE74572B1D82E7005B62A5 /* Release */,
			);
			defaultConfigurationIsVisible = 0;
			defaultConfigurationName = Release;
		};
		11AE74582B1D82E7005B62A5 /* Build configuration list for PBXNativeTarget "appetizers" */ = {
			isa = XCConfigurationList;
			buildConfigurations = (
				11AE74592B1D82E7005B62A5 /* Debug */,
				11AE745A2B1D82E7005B62A5 /* Release */,
			);
			defaultConfigurationIsVisible = 0;
			defaultConfigurationName = Release;
		};
/* End XCConfigurationList section */
	};
	rootObject = 11AE74422B1D82E5005B62A5 /* Project object */;
}
